
Microsoft Visual Studio Solution File, Format Version 12.00
# Visual Studio 2010
Project("{FAE04EC0-301F-11D3-BF4B-00C04F79EFBC}") = "SqliteExample-Domain", "main\SqliteExample-Domain\SqliteExample-Domain.csproj", "{6814B93C-B1E7-4050-AD5E-B10260110716}"
EndProject
Project("{FAE04EC0-301F-11D3-BF4B-00C04F79EFBC}") = "SqliteExample-Domain-Specs", "specs\SqliteExample-Domain-Specs\SqliteExample-Domain-Specs.csproj", "{22241314-ACB1-4BD6-AA61-7006A5D19DD5}"
EndProject
Project("{FAE04EC0-301F-11D3-BF4B-00C04F79EFBC}") = "SqliteExample-DataAccess", "main\SqliteExample-DataAccess\SqliteExample-DataAccess.csproj", "{9B7F7EC0-DCEB-4C71-8E0E-6B508249563E}"
EndProject
Global
	GlobalSection(SolutionConfigurationPlatforms) = preSolution
		Debug|Any CPU = Debug|Any CPU
		Release|Any CPU = Release|Any CPU
	EndGlobalSection
	GlobalSection(ProjectConfigurationPlatforms) = postSolution
		{6814B93C-B1E7-4050-AD5E-B10260110716}.Debug|Any CPU.ActiveCfg = Debug|Any CPU
		{6814B93C-B1E7-4050-AD5E-B10260110716}.Debug|Any CPU.Build.0 = Debug|Any CPU
		{6814B93C-B1E7-4050-AD5E-B10260110716}.Release|Any CPU.ActiveCfg = Release|Any CPU
		{6814B93C-B1E7-4050-AD5E-B10260110716}.Release|Any CPU.Build.0 = Release|Any CPU
		{22241314-ACB1-4BD6-AA61-7006A5D19DD5}.Debug|Any CPU.ActiveCfg = Debug|Any CPU
		{22241314-ACB1-4BD6-AA61-7006A5D19DD5}.Debug|Any CPU.Build.0 = Debug|Any CPU
		{22241314-ACB1-4BD6-AA61-7006A5D19DD5}.Release|Any CPU.ActiveCfg = Release|Any CPU
		{22241314-ACB1-4BD6-AA61-7006A5D19DD5}.Release|Any CPU.Build.0 = Release|Any CPU
		{9B7F7EC0-DCEB-4C71-8E0E-6B508249563E}.Debug|Any CPU.ActiveCfg = Debug|Any CPU
		{9B7F7EC0-DCEB-4C71-8E0E-6B508249563E}.Debug|Any CPU.Build.0 = Debug|Any CPU
		{9B7F7EC0-DCEB-4C71-8E0E-6B508249563E}.Release|Any CPU.ActiveCfg = Release|Any CPU
		{9B7F7EC0-DCEB-4C71-8E0E-6B508249563E}.Release|Any CPU.Build.0 = Release|Any CPU
	EndGlobalSection
	GlobalSection(SolutionProperties) = preSolution
		HideSolutionNode = FALSE
	EndGlobalSection
EndGlobal
